
Microsoft Visual Studio Solution File, Format Version 12.00
# Visual Studio Version 16
VisualStudioVersion = 16.0.31229.75
MinimumVisualStudioVersion = 10.0.40219.1
Project("{8BC9CEB8-8B4A-11D0-8D11-00A0C91BC942}") = "SK-Lib-cmath-atan-Bagian5__CPP", "SK-Lib-cmath-atan-Bagian5__CPP\SK-Lib-cmath-atan-Bagian5__CPP.vcxproj", "{5E82E9DD-1A1C-4579-AD83-4E5E11DD34E2}"
EndProject
Global
	GlobalSection(SolutionConfigurationPlatforms) = preSolution
		Debug|x64 = Debug|x64
		Debug|x86 = Debug|x86
		Release|x64 = Release|x64
		Release|x86 = Release|x86
	EndGlobalSection
	GlobalSection(ProjectConfigurationPlatforms) = postSolution
		{5E82E9DD-1A1C-4579-AD83-4E5E11DD34E2}.Debug|x64.ActiveCfg = Debug|x64
		{5E82E9DD-1A1C-4579-AD83-4E5E11DD34E2}.Debug|x64.Build.0 = Debug|x64
		{5E82E9DD-1A1C-4579-AD83-4E5E11DD34E2}.Debug|x86.ActiveCfg = Debug|Win32
		{5E82E9DD-1A1C-4579-AD83-4E5E11DD34E2}.Debug|x86.Build.0 = Debug|Win32
		{5E82E9DD-1A1C-4579-AD83-4E5E11DD34E2}.Release|x64.ActiveCfg = Release|x64
		{5E82E9DD-1A1C-4579-AD83-4E5E11DD34E2}.Release|x64.Build.0 = Release|x64
		{5E82E9DD-1A1C-4579-AD83-4E5E11DD34E2}.Release|x86.ActiveCfg = Release|Win32
		{5E82E9DD-1A1C-4579-AD83-4E5E11DD34E2}.Release|x86.Build.0 = Release|Win32
	EndGlobalSection
	GlobalSection(SolutionProperties) = preSolution
		HideSolutionNode = FALSE
	EndGlobalSection
	GlobalSection(ExtensibilityGlobals) = postSolution
		SolutionGuid = {BF4B2C70-9CE7-498F-9496-D959860D5C42}
	EndGlobalSection
EndGlobal
